{
  "version": 4,
  "terraform_version": "1.0.3",
  "serial": 23,
  "lineage": "6ea63ba6-6d73-0050-6efa-a0b8743e004a",
  "outputs": {},
  "resources": [
    {
      "mode": "managed",
      "type": "yandex_kubernetes_cluster",
      "name": "cluster",
      "provider": "provider[\"registry.terraform.io/yandex-cloud/yandex\"]",
      "instances": [
        {
          "schema_version": 0,
          "attributes": {
            "cluster_ipv4_range": "10.112.0.0/16",
            "cluster_ipv6_range": "",
            "created_at": "2021-09-29T08:04:01Z",
            "description": "istio",
            "folder_id": "b1guv2bjihnsjmr90281",
            "health": "healthy",
            "id": "cat1us47ls3v8vqcu3dr",
            "kms_provider": [],
            "labels": {},
            "log_group_id": "ckgimup0sso2b8poacv1",
            "master": [
              {
                "cluster_ca_certificate": "-----BEGIN CERTIFICATE-----\nMIIC5zCCAc+gAwIBAgIBADANBgkqhkiG9w0BAQsFADAVMRMwEQYDVQQDEwprdWJl\ncm5ldGVzMB4XDTIxMDkyOTA4MDQwM1oXDTMxMDkyNzA4MDQwM1owFTETMBEGA1UE\nAxMKa3ViZXJuZXRlczCCASIwDQYJKoZIhvcNAQEBBQADggEPADCCAQoCggEBAJrj\npB4mzWCSQC3l1GYZyi4PnijAyCcnXDcn0XuG0ggSo/PQtGemLyxgI6B60Vw+lYzN\nAVhg0g0A4izSJsfXBmDkLrHALF9U02j/0cZECj78jIaizt5rSwTvYzl1GdQ6PVvi\nQgNtFrkZ3Oua/G8KdT5rz+MlTXYZvZevZAZ85vdtpZdqM/i8buyFDkpCY9vQmcSd\nBVEMPyY/G4mrmRRCCUyRUg1/8QZ4e4FDaCt8oTbbgrshKMXf2hnA+aN/kVDLJ4jv\nLe7oI0QOEyVdWDzCsn346M6581NEMegWYWnTkJ96nadGnZaLijdoTnS+g+KxyJ85\nhdDSBNBYQV74yEU7OVcCAwEAAaNCMEAwDgYDVR0PAQH/BAQDAgKkMA8GA1UdEwEB\n/wQFMAMBAf8wHQYDVR0OBBYEFEvnA5X8rQbXVhuJBOyiyjmE0LLcMA0GCSqGSIb3\nDQEBCwUAA4IBAQB5PJOzr5HBfBWoGJozdHGKNWUsV/xQJvidjol7cpEsh3OKwTos\nrYpk4anSwfYoMymeT2AYX88Jihwrq47aRS6RJC3mhO770bMRJwsns+U/z76DtY6Z\nz5B6/TmyO5e6RPdVkOH+omU8gFX/JwzDeEeLLAO/n2SHANTUu3XIyjq0Vze+I4cg\nJKjm08VN2EpuAqkbotOjlnDfKx/D4Ce5PDnZKGI7j4YKMUF/nR7+gDt2R532r7w7\ngCGrN5zScZUoxG2wj6inO39MMlW93NhGH2PviLMg0W1L3cSzvL4eHlgtpdVp545b\nNE7hWGI/Z0K+hxBduoKVzu4i4l3tQL3kfeO+\n-----END CERTIFICATE-----\n",
                "external_v4_address": "62.84.117.52",
                "external_v4_endpoint": "https://62.84.117.52",
                "internal_v4_address": "10.128.0.14",
                "internal_v4_endpoint": "https://10.128.0.14",
                "maintenance_policy": [
                  {
                    "auto_upgrade": true,
                    "maintenance_window": []
                  }
                ],
                "public_ip": true,
                "regional": [],
                "security_group_ids": null,
                "version": "1.19",
                "version_info": [
                  {
                    "current_version": "1.19",
                    "new_revision_available": false,
                    "new_revision_summary": "",
                    "version_deprecated": false
                  }
                ],
                "zonal": [
                  {
                    "subnet_id": "e9bt867f71kui7ibtnr0",
                    "zone": "ru-central1-a"
                  }
                ]
              }
            ],
            "name": "istio",
            "network_id": "enp56t2k83a9vl5jujd9",
            "network_implementation": [],
            "network_policy_provider": null,
            "node_ipv4_cidr_mask_size": 24,
            "node_service_account_id": "aje5dj0mluf5c3r1v4am",
            "release_channel": "RAPID",
            "service_account_id": "aje5dj0mluf5c3r1v4am",
            "service_ipv4_range": "10.96.0.0/16",
            "service_ipv6_range": "",
            "status": "running",
            "timeouts": null
          },
          "sensitive_attributes": [],
          "private": "eyJlMmJmYjczMC1lY2FhLTExZTYtOGY4OC0zNDM2M2JjN2M0YzAiOnsiY3JlYXRlIjoxODAwMDAwMDAwMDAwLCJkZWxldGUiOjEyMDAwMDAwMDAwMDAsInJlYWQiOjMwMDAwMDAwMDAwMCwidXBkYXRlIjoxODAwMDAwMDAwMDAwfX0="
        }
      ]
    },
    {
      "mode": "managed",
      "type": "yandex_kubernetes_node_group",
      "name": "node_groups",
      "provider": "provider[\"registry.terraform.io/yandex-cloud/yandex\"]",
      "instances": [
        {
          "schema_version": 0,
          "attributes": {
            "allocation_policy": [
              {
                "location": [
                  {
                    "subnet_id": "e9bt867f71kui7ibtnr0",
                    "zone": "ru-central1-a"
                  }
                ]
              }
            ],
            "allowed_unsafe_sysctls": null,
            "cluster_id": "cat1us47ls3v8vqcu3dr",
            "created_at": "2021-09-29T08:10:46Z",
            "deploy_policy": [
              {
                "max_expansion": 3,
                "max_unavailable": 0
              }
            ],
            "description": "test-istio",
            "id": "cat2vim9975fgn3pik3i",
            "instance_group_id": "cl1aqcvmd6q1dhip4nqq",
            "instance_template": [
              {
                "boot_disk": [
                  {
                    "size": 64,
                    "type": "network-hdd"
                  }
                ],
                "metadata": {
                  "ssh-keys": "ubuntu:ssh-rsa AAAAB3NzaC1yc2EAAAADAQABAAABgQDDZuTN7+r2Um9Fuz5/nqGIGA2nNnjOuzCWjUML3cc87HYPVkQ0qXMhV2AqASPzn3REzAfAL/NXmtk1mEui/fwONaRmuDsLzSx2c1umg84EZPJkko9yfve3V5kbhGkzJLL6u0B4w2qwpZpqKVgv0bc6mV9TZqOQfqK9Ob86pAy3owC6yF2+M3TOT8lvQnL4FB5OuLcjAxiToW15CrfbBKHZb9xbD3ukfrT6AH9qI61kJ4REbXRXPD/AAA6dLXwrkw2+WoD8o7MkgBiJy3vQgxIYcBgZV0xx7o+jQenmWyOq9NxeyMLBSoDKRhkgG2ad16ky5Jvn+1k4KC2bmllHLU0EIrPxvMRKnohK7NrltbLJx5pbBhDZnbAfQDar1woxzaKtm6cIi9A2/Yfv2+iQ311ZCGJ/NAJl5myIKYAEfiWdTnxk7IlzwYU1TgR6KoZOkKjbPelVlOAdQNrptzw7LAPHG2T+Qvq3TpteCs6JgdTcob8RzkOqrFAkA2Yj5exNlB8= appuser\n"
                },
                "nat": true,
                "network_acceleration_type": "type_unspecified",
                "network_interface": [
                  {
                    "ipv4": true,
                    "ipv6": false,
                    "nat": true,
                    "security_group_ids": [],
                    "subnet_ids": [
                      "e9bt867f71kui7ibtnr0"
                    ]
                  }
                ],
                "placement_policy": [],
                "platform_id": "standard-v2",
                "resources": [
                  {
                    "core_fraction": 100,
                    "cores": 4,
                    "gpus": 0,
                    "memory": 8
                  }
                ],
                "scheduling_policy": [
                  {
                    "preemptible": false
                  }
                ]
              }
            ],
            "labels": {},
            "maintenance_policy": [
              {
                "auto_repair": true,
                "auto_upgrade": true,
                "maintenance_window": []
              }
            ],
            "name": "test-istio",
            "node_labels": null,
            "node_taints": null,
            "scale_policy": [
              {
                "auto_scale": [],
                "fixed_scale": [
                  {
                    "size": 2
                  }
                ]
              }
            ],
            "status": "running",
            "timeouts": null,
            "version": "1.19",
            "version_info": [
              {
                "current_version": "1.19",
                "new_revision_available": false,
                "new_revision_summary": "",
                "version_deprecated": false
              }
            ]
          },
          "sensitive_attributes": [],
          "private": "eyJlMmJmYjczMC1lY2FhLTExZTYtOGY4OC0zNDM2M2JjN2M0YzAiOnsiY3JlYXRlIjozNjAwMDAwMDAwMDAwLCJkZWxldGUiOjEyMDAwMDAwMDAwMDAsInJlYWQiOjYwMDAwMDAwMDAwMCwidXBkYXRlIjozNjAwMDAwMDAwMDAwfX0=",
          "dependencies": [
            "yandex_kubernetes_cluster.cluster"
          ]
        }
      ]
    }
  ]
}
